
Microsoft Visual Studio Solution File, Format Version 12.00
# Visual Studio Version 17
VisualStudioVersion = 17.7.34221.43
MinimumVisualStudioVersion = 10.0.40219.1
Project("{FAE04EC0-301F-11D3-BF4B-00C04F79EFBC}") = "APITutorial", "APITutorial\APITutorial.csproj", "{5BCAA41E-AA9C-45BC-ACB5-A187F4C009DB}"
EndProject
Global
	GlobalSection(SolutionConfigurationPlatforms) = preSolution
		Debug|Any CPU = Debug|Any CPU
		Release|Any CPU = Release|Any CPU
	EndGlobalSection
	GlobalSection(ProjectConfigurationPlatforms) = postSolution
		{5BCAA41E-AA9C-45BC-ACB5-A187F4C009DB}.Debug|Any CPU.ActiveCfg = Debug|Any CPU
		{5BCAA41E-AA9C-45BC-ACB5-A187F4C009DB}.Debug|Any CPU.Build.0 = Debug|Any CPU
		{5BCAA41E-AA9C-45BC-ACB5-A187F4C009DB}.Release|Any CPU.ActiveCfg = Release|Any CPU
		{5BCAA41E-AA9C-45BC-ACB5-A187F4C009DB}.Release|Any CPU.Build.0 = Release|Any CPU
	EndGlobalSection
	GlobalSection(SolutionProperties) = preSolution
		HideSolutionNode = FALSE
	EndGlobalSection
	GlobalSection(ExtensibilityGlobals) = postSolution
		SolutionGuid = {1B9B8022-381C-4053-8557-A672224A7793}
	EndGlobalSection
EndGlobal
